
Microsoft Visual Studio Solution File, Format Version 12.00
# Visual Studio Version 17
VisualStudioVersion = 17.5.2.0
MinimumVisualStudioVersion = 10.0.40219.1
Project("{FAE04EC0-301F-11D3-BF4B-00C04F79EFBC}") = "Лаб_1", "Лаб_1.csproj", "{DA07452A-7D30-F579-E318-65432ACB93E4}"
EndProject
Global
	GlobalSection(SolutionConfigurationPlatforms) = preSolution
		Debug|Any CPU = Debug|Any CPU
		Release|Any CPU = Release|Any CPU
	EndGlobalSection
	GlobalSection(ProjectConfigurationPlatforms) = postSolution
		{DA07452A-7D30-F579-E318-65432ACB93E4}.Debug|Any CPU.ActiveCfg = Debug|Any CPU
		{DA07452A-7D30-F579-E318-65432ACB93E4}.Debug|Any CPU.Build.0 = Debug|Any CPU
		{DA07452A-7D30-F579-E318-65432ACB93E4}.Release|Any CPU.ActiveCfg = Release|Any CPU
		{DA07452A-7D30-F579-E318-65432ACB93E4}.Release|Any CPU.Build.0 = Release|Any CPU
	EndGlobalSection
	GlobalSection(SolutionProperties) = preSolution
		HideSolutionNode = FALSE
	EndGlobalSection
	GlobalSection(ExtensibilityGlobals) = postSolution
		SolutionGuid = {95038FBB-E037-4D6B-A856-2764D94C7D9B}
	EndGlobalSection
EndGlobal
