
Microsoft Visual Studio Solution File, Format Version 12.00
# Visual Studio Version 17
VisualStudioVersion = 17.14.36511.14 d17.14
MinimumVisualStudioVersion = 10.0.40219.1
Project("{FAE04EC0-301F-11D3-BF4B-00C04F79EFBC}") = "Lab8_UnitTest", "Lab8_UnitTest\Lab8_UnitTest.csproj", "{E27FDD81-5886-4B54-9DBA-E3ABC43E439B}"
EndProject
Global
	GlobalSection(SolutionConfigurationPlatforms) = preSolution
		Debug|Any CPU = Debug|Any CPU
		Release|Any CPU = Release|Any CPU
	EndGlobalSection
	GlobalSection(ProjectConfigurationPlatforms) = postSolution
		{E27FDD81-5886-4B54-9DBA-E3ABC43E439B}.Debug|Any CPU.ActiveCfg = Debug|Any CPU
		{E27FDD81-5886-4B54-9DBA-E3ABC43E439B}.Debug|Any CPU.Build.0 = Debug|Any CPU
		{E27FDD81-5886-4B54-9DBA-E3ABC43E439B}.Release|Any CPU.ActiveCfg = Release|Any CPU
		{E27FDD81-5886-4B54-9DBA-E3ABC43E439B}.Release|Any CPU.Build.0 = Release|Any CPU
	EndGlobalSection
	GlobalSection(SolutionProperties) = preSolution
		HideSolutionNode = FALSE
	EndGlobalSection
	GlobalSection(ExtensibilityGlobals) = postSolution
		SolutionGuid = {1D980161-3400-483F-B9E9-1F0DD5B53E17}
	EndGlobalSection
EndGlobal
