
Microsoft Visual Studio Solution File, Format Version 12.00
# Visual Studio Version 17
VisualStudioVersion = 17.14.36511.14 d17.14
MinimumVisualStudioVersion = 10.0.40219.1
Project("{FAE04EC0-301F-11D3-BF4B-00C04F79EFBC}") = "Lab15", "Lab15\Lab15.csproj", "{C6D3BF04-1E9F-4E83-8351-841C0B792936}"
EndProject
Global
	GlobalSection(SolutionConfigurationPlatforms) = preSolution
		Debug|Any CPU = Debug|Any CPU
		Release|Any CPU = Release|Any CPU
	EndGlobalSection
	GlobalSection(ProjectConfigurationPlatforms) = postSolution
		{C6D3BF04-1E9F-4E83-8351-841C0B792936}.Debug|Any CPU.ActiveCfg = Debug|Any CPU
		{C6D3BF04-1E9F-4E83-8351-841C0B792936}.Debug|Any CPU.Build.0 = Debug|Any CPU
		{C6D3BF04-1E9F-4E83-8351-841C0B792936}.Release|Any CPU.ActiveCfg = Release|Any CPU
		{C6D3BF04-1E9F-4E83-8351-841C0B792936}.Release|Any CPU.Build.0 = Release|Any CPU
	EndGlobalSection
	GlobalSection(SolutionProperties) = preSolution
		HideSolutionNode = FALSE
	EndGlobalSection
	GlobalSection(ExtensibilityGlobals) = postSolution
		SolutionGuid = {7FB65451-48F4-470F-BE87-1D66DBE1246F}
	EndGlobalSection
EndGlobal
