
Microsoft Visual Studio Solution File, Format Version 12.00
# Visual Studio Version 16
VisualStudioVersion = 16.0.32901.82
MinimumVisualStudioVersion = 10.0.40219.1
Project("{FAE04EC0-301F-11D3-BF4B-00C04F79EFBC}") = "Lab2.2", "Lab2.2\Lab2.2.csproj", "{A824142B-D7EB-46F3-B31A-1F61C410CF0C}"
EndProject
Global
	GlobalSection(SolutionConfigurationPlatforms) = preSolution
		Debug|Any CPU = Debug|Any CPU
		Release|Any CPU = Release|Any CPU
	EndGlobalSection
	GlobalSection(ProjectConfigurationPlatforms) = postSolution
		{A824142B-D7EB-46F3-B31A-1F61C410CF0C}.Debug|Any CPU.ActiveCfg = Debug|Any CPU
		{A824142B-D7EB-46F3-B31A-1F61C410CF0C}.Debug|Any CPU.Build.0 = Debug|Any CPU
		{A824142B-D7EB-46F3-B31A-1F61C410CF0C}.Release|Any CPU.ActiveCfg = Release|Any CPU
		{A824142B-D7EB-46F3-B31A-1F61C410CF0C}.Release|Any CPU.Build.0 = Release|Any CPU
	EndGlobalSection
	GlobalSection(SolutionProperties) = preSolution
		HideSolutionNode = FALSE
	EndGlobalSection
	GlobalSection(ExtensibilityGlobals) = postSolution
		SolutionGuid = {6B34706A-72C1-4A9A-820F-3A214D0F46EB}
	EndGlobalSection
EndGlobal
