Microsoft Visual Studio Solution File, Format Version 12.00
# Visual Studio Version 17
VisualStudioVersion = 17.5.2.0
MinimumVisualStudioVersion = 10.0.40219.1
Project("{FAE04EC0-301F-11D3-BF4B-00C04F79EFBC}") = "MyAspNetCoreApp", "MyAspNetCoreApp\MyAspNetCoreApp.csproj", "{84F63449-CF9D-2EF1-6B20-6DD2853A698B}"
EndProject
Global
	GlobalSection(SolutionConfigurationPlatforms) = preSolution
		Debug|Any CPU = Debug|Any CPU
		Release|Any CPU = Release|Any CPU
	EndGlobalSection
	GlobalSection(ProjectConfigurationPlatforms) = postSolution
		{84F63449-CF9D-2EF1-6B20-6DD2853A698B}.Debug|Any CPU.ActiveCfg = Debug|Any CPU
		{84F63449-CF9D-2EF1-6B20-6DD2853A698B}.Debug|Any CPU.Build.0 = Debug|Any CPU
		{84F63449-CF9D-2EF1-6B20-6DD2853A698B}.Release|Any CPU.ActiveCfg = Release|Any CPU
		{84F63449-CF9D-2EF1-6B20-6DD2853A698B}.Release|Any CPU.Build.0 = Release|Any CPU
	EndGlobalSection
	GlobalSection(SolutionProperties) = preSolution
		HideSolutionNode = FALSE
	EndGlobalSection
	GlobalSection(ExtensibilityGlobals) = postSolution
		SolutionGuid = {F9E734FC-4B61-41C4-9FFD-7024C70BDFD7}
	EndGlobalSection
EndGlobal
