
Microsoft Visual Studio Solution File, Format Version 12.00
# Visual Studio Version 17
VisualStudioVersion = 17.8.34309.116
MinimumVisualStudioVersion = 10.0.40219.1
Project("{FAE04EC0-301F-11D3-BF4B-00C04F79EFBC}") = "ConsoleApp1", "ConsoleApp1.csproj", "{0F99ABF6-65D1-4D17-8F67-F2369669C3D8}"
EndProject
Global
	GlobalSection(SolutionConfigurationPlatforms) = preSolution
		Debug|Any CPU = Debug|Any CPU
		Release|Any CPU = Release|Any CPU
	EndGlobalSection
	GlobalSection(ProjectConfigurationPlatforms) = postSolution
		{0F99ABF6-65D1-4D17-8F67-F2369669C3D8}.Debug|Any CPU.ActiveCfg = Debug|Any CPU
		{0F99ABF6-65D1-4D17-8F67-F2369669C3D8}.Debug|Any CPU.Build.0 = Debug|Any CPU
		{0F99ABF6-65D1-4D17-8F67-F2369669C3D8}.Release|Any CPU.ActiveCfg = Release|Any CPU
		{0F99ABF6-65D1-4D17-8F67-F2369669C3D8}.Release|Any CPU.Build.0 = Release|Any CPU
	EndGlobalSection
	GlobalSection(SolutionProperties) = preSolution
		HideSolutionNode = FALSE
	EndGlobalSection
	GlobalSection(ExtensibilityGlobals) = postSolution
		SolutionGuid = {9EC0F3E1-FCA8-424E-993C-A032F5384D87}
	EndGlobalSection
EndGlobal
