Microsoft Visual Studio Solution File, Format Version 12.00
# Visual Studio Version 18
VisualStudioVersion = 18.0.11222.15
MinimumVisualStudioVersion = 10.0.40219.1
Project("{2150E333-8FDC-42A3-9474-1A3956D46DE8}") = "Hordiichuk", "Hordiichuk", "{C7930B96-D511-8E0F-2BC3-213528605673}"
EndProject
Project("{FAE04EC0-301F-11D3-BF4B-00C04F79EFBC}") = "Lab1", "Hordiichuk\Lab1\Lab1.csproj", "{ACE556D0-D95A-C188-B89B-D360B559FFA4}"
EndProject
Project("{FAE04EC0-301F-11D3-BF4B-00C04F79EFBC}") = "Lab2", "Hordiichuk\Lab2\Lab2.csproj", "{CFBA7CBD-CAF7-3E9B-F55B-3AF263A65D42}"
EndProject
Project("{FAE04EC0-301F-11D3-BF4B-00C04F79EFBC}") = "Lab3", "Hordiichuk\Lab3\Lab3.csproj", "{009523F1-4E3D-468B-4E0C-1A2DF639D3A2}"
EndProject
Project("{FAE04EC0-301F-11D3-BF4B-00C04F79EFBC}") = "Lab4", "Hordiichuk\Lab4\Lab4.csproj", "{9D121991-060A-F386-F263-AAD732881EB9}"
EndProject
Project("{FAE04EC0-301F-11D3-BF4B-00C04F79EFBC}") = "Lab5", "Hordiichuk\Lab5\Lab5.csproj", "{D4509893-69B6-2A28-2C19-5627EE1C9C7D}"
EndProject
Project("{FAE04EC0-301F-11D3-BF4B-00C04F79EFBC}") = "Lab6", "Hordiichuk\Lab6\Lab6.csproj", "{E9FEB0B3-E552-64C3-DC54-EF4E284F6CB6}"
EndProject
Project("{FAE04EC0-301F-11D3-BF4B-00C04F79EFBC}") = "Lsb7", "Hordiichuk\Lab7\Lsb7.csproj", "{C29E4EA6-39C0-8708-3F4B-672F6326D8C3}"
EndProject
Project("{FAE04EC0-301F-11D3-BF4B-00C04F79EFBC}") = "Lab4ForT", "Hordiichuk\Lab4ForT\Lab4ForT.csproj", "{9C88AA57-5D96-1F43-3398-5B903B41F520}"
EndProject
Project("{FAE04EC0-301F-11D3-BF4B-00C04F79EFBC}") = "Lab4ForT.Tests", "Hordiichuk\Lab4ForT.Tests\Lab4ForT.Tests.csproj", "{17AEF987-9B10-AC3A-FF90-45EFE6EE3B08}"
EndProject
Project("{FAE04EC0-301F-11D3-BF4B-00C04F79EFBC}") = "Lab9", "Hordiichuk\Lab9\Lab9.csproj", "{BB1B0FF9-D2C9-B881-A595-3473498D2D25}"
EndProject
Project("{FAE04EC0-301F-11D3-BF4B-00C04F79EFBC}") = "Lab10", "Hordiichuk\Lab10\Lab10.csproj", "{BF39110C-0F92-B1BD-C596-65E41E2270FC}"
EndProject
Project("{FAE04EC0-301F-11D3-BF4B-00C04F79EFBC}") = "HelloApp", "Hordiichuk\HelloApp\HelloApp\HelloApp.csproj", "{0AF975DE-FEC3-1F9A-08FD-E6A73F9A440E}"
EndProject
Project("{FAE04EC0-301F-11D3-BF4B-00C04F79EFBC}") = "HelloMvcApp", "Hordiichuk\HelloMvcApp\HelloMvcApp\HelloMvcApp.csproj", "{7488D29A-9B8A-2D7E-C683-B03AEB9CC1B9}"
EndProject
Global
	GlobalSection(SolutionConfigurationPlatforms) = preSolution
		Debug|Any CPU = Debug|Any CPU
		Release|Any CPU = Release|Any CPU
	EndGlobalSection
	GlobalSection(ProjectConfigurationPlatforms) = postSolution
		{ACE556D0-D95A-C188-B89B-D360B559FFA4}.Debug|Any CPU.ActiveCfg = Debug|Any CPU
		{ACE556D0-D95A-C188-B89B-D360B559FFA4}.Debug|Any CPU.Build.0 = Debug|Any CPU
		{ACE556D0-D95A-C188-B89B-D360B559FFA4}.Release|Any CPU.ActiveCfg = Release|Any CPU
		{ACE556D0-D95A-C188-B89B-D360B559FFA4}.Release|Any CPU.Build.0 = Release|Any CPU
		{CFBA7CBD-CAF7-3E9B-F55B-3AF263A65D42}.Debug|Any CPU.ActiveCfg = Debug|Any CPU
		{CFBA7CBD-CAF7-3E9B-F55B-3AF263A65D42}.Debug|Any CPU.Build.0 = Debug|Any CPU
		{CFBA7CBD-CAF7-3E9B-F55B-3AF263A65D42}.Release|Any CPU.ActiveCfg = Release|Any CPU
		{CFBA7CBD-CAF7-3E9B-F55B-3AF263A65D42}.Release|Any CPU.Build.0 = Release|Any CPU
		{009523F1-4E3D-468B-4E0C-1A2DF639D3A2}.Debug|Any CPU.ActiveCfg = Debug|Any CPU
		{009523F1-4E3D-468B-4E0C-1A2DF639D3A2}.Debug|Any CPU.Build.0 = Debug|Any CPU
		{009523F1-4E3D-468B-4E0C-1A2DF639D3A2}.Release|Any CPU.ActiveCfg = Release|Any CPU
		{009523F1-4E3D-468B-4E0C-1A2DF639D3A2}.Release|Any CPU.Build.0 = Release|Any CPU
		{9D121991-060A-F386-F263-AAD732881EB9}.Debug|Any CPU.ActiveCfg = Debug|Any CPU
		{9D121991-060A-F386-F263-AAD732881EB9}.Debug|Any CPU.Build.0 = Debug|Any CPU
		{9D121991-060A-F386-F263-AAD732881EB9}.Release|Any CPU.ActiveCfg = Release|Any CPU
		{9D121991-060A-F386-F263-AAD732881EB9}.Release|Any CPU.Build.0 = Release|Any CPU
		{D4509893-69B6-2A28-2C19-5627EE1C9C7D}.Debug|Any CPU.ActiveCfg = Debug|Any CPU
		{D4509893-69B6-2A28-2C19-5627EE1C9C7D}.Debug|Any CPU.Build.0 = Debug|Any CPU
		{D4509893-69B6-2A28-2C19-5627EE1C9C7D}.Release|Any CPU.ActiveCfg = Release|Any CPU
		{D4509893-69B6-2A28-2C19-5627EE1C9C7D}.Release|Any CPU.Build.0 = Release|Any CPU
		{E9FEB0B3-E552-64C3-DC54-EF4E284F6CB6}.Debug|Any CPU.ActiveCfg = Debug|Any CPU
		{E9FEB0B3-E552-64C3-DC54-EF4E284F6CB6}.Debug|Any CPU.Build.0 = Debug|Any CPU
		{E9FEB0B3-E552-64C3-DC54-EF4E284F6CB6}.Release|Any CPU.ActiveCfg = Release|Any CPU
		{E9FEB0B3-E552-64C3-DC54-EF4E284F6CB6}.Release|Any CPU.Build.0 = Release|Any CPU
		{C29E4EA6-39C0-8708-3F4B-672F6326D8C3}.Debug|Any CPU.ActiveCfg = Debug|Any CPU
		{C29E4EA6-39C0-8708-3F4B-672F6326D8C3}.Debug|Any CPU.Build.0 = Debug|Any CPU
		{C29E4EA6-39C0-8708-3F4B-672F6326D8C3}.Release|Any CPU.ActiveCfg = Release|Any CPU
		{C29E4EA6-39C0-8708-3F4B-672F6326D8C3}.Release|Any CPU.Build.0 = Release|Any CPU
		{9C88AA57-5D96-1F43-3398-5B903B41F520}.Debug|Any CPU.ActiveCfg = Debug|Any CPU
		{9C88AA57-5D96-1F43-3398-5B903B41F520}.Debug|Any CPU.Build.0 = Debug|Any CPU
		{9C88AA57-5D96-1F43-3398-5B903B41F520}.Release|Any CPU.ActiveCfg = Release|Any CPU
		{9C88AA57-5D96-1F43-3398-5B903B41F520}.Release|Any CPU.Build.0 = Release|Any CPU
		{17AEF987-9B10-AC3A-FF90-45EFE6EE3B08}.Debug|Any CPU.ActiveCfg = Debug|Any CPU
		{17AEF987-9B10-AC3A-FF90-45EFE6EE3B08}.Debug|Any CPU.Build.0 = Debug|Any CPU
		{17AEF987-9B10-AC3A-FF90-45EFE6EE3B08}.Release|Any CPU.ActiveCfg = Release|Any CPU
		{17AEF987-9B10-AC3A-FF90-45EFE6EE3B08}.Release|Any CPU.Build.0 = Release|Any CPU
		{BB1B0FF9-D2C9-B881-A595-3473498D2D25}.Debug|Any CPU.ActiveCfg = Debug|Any CPU
		{BB1B0FF9-D2C9-B881-A595-3473498D2D25}.Debug|Any CPU.Build.0 = Debug|Any CPU
		{BB1B0FF9-D2C9-B881-A595-3473498D2D25}.Release|Any CPU.ActiveCfg = Release|Any CPU
		{BB1B0FF9-D2C9-B881-A595-3473498D2D25}.Release|Any CPU.Build.0 = Release|Any CPU
		{BF39110C-0F92-B1BD-C596-65E41E2270FC}.Debug|Any CPU.ActiveCfg = Debug|Any CPU
		{BF39110C-0F92-B1BD-C596-65E41E2270FC}.Debug|Any CPU.Build.0 = Debug|Any CPU
		{BF39110C-0F92-B1BD-C596-65E41E2270FC}.Release|Any CPU.ActiveCfg = Release|Any CPU
		{BF39110C-0F92-B1BD-C596-65E41E2270FC}.Release|Any CPU.Build.0 = Release|Any CPU
		{0AF975DE-FEC3-1F9A-08FD-E6A73F9A440E}.Debug|Any CPU.ActiveCfg = Debug|Any CPU
		{0AF975DE-FEC3-1F9A-08FD-E6A73F9A440E}.Debug|Any CPU.Build.0 = Debug|Any CPU
		{0AF975DE-FEC3-1F9A-08FD-E6A73F9A440E}.Release|Any CPU.ActiveCfg = Release|Any CPU
		{0AF975DE-FEC3-1F9A-08FD-E6A73F9A440E}.Release|Any CPU.Build.0 = Release|Any CPU
		{7488D29A-9B8A-2D7E-C683-B03AEB9CC1B9}.Debug|Any CPU.ActiveCfg = Debug|Any CPU
		{7488D29A-9B8A-2D7E-C683-B03AEB9CC1B9}.Debug|Any CPU.Build.0 = Debug|Any CPU
		{7488D29A-9B8A-2D7E-C683-B03AEB9CC1B9}.Release|Any CPU.ActiveCfg = Release|Any CPU
		{7488D29A-9B8A-2D7E-C683-B03AEB9CC1B9}.Release|Any CPU.Build.0 = Release|Any CPU
	EndGlobalSection
	GlobalSection(SolutionProperties) = preSolution
		HideSolutionNode = FALSE
	EndGlobalSection
	GlobalSection(NestedProjects) = preSolution
		{ACE556D0-D95A-C188-B89B-D360B559FFA4} = {C7930B96-D511-8E0F-2BC3-213528605673}
		{CFBA7CBD-CAF7-3E9B-F55B-3AF263A65D42} = {C7930B96-D511-8E0F-2BC3-213528605673}
		{009523F1-4E3D-468B-4E0C-1A2DF639D3A2} = {C7930B96-D511-8E0F-2BC3-213528605673}
		{9D121991-060A-F386-F263-AAD732881EB9} = {C7930B96-D511-8E0F-2BC3-213528605673}
		{D4509893-69B6-2A28-2C19-5627EE1C9C7D} = {C7930B96-D511-8E0F-2BC3-213528605673}
		{E9FEB0B3-E552-64C3-DC54-EF4E284F6CB6} = {C7930B96-D511-8E0F-2BC3-213528605673}
		{C29E4EA6-39C0-8708-3F4B-672F6326D8C3} = {C7930B96-D511-8E0F-2BC3-213528605673}
		{9C88AA57-5D96-1F43-3398-5B903B41F520} = {C7930B96-D511-8E0F-2BC3-213528605673}
		{17AEF987-9B10-AC3A-FF90-45EFE6EE3B08} = {C7930B96-D511-8E0F-2BC3-213528605673}
		{BB1B0FF9-D2C9-B881-A595-3473498D2D25} = {C7930B96-D511-8E0F-2BC3-213528605673}
		{BF39110C-0F92-B1BD-C596-65E41E2270FC} = {C7930B96-D511-8E0F-2BC3-213528605673}
		{0AF975DE-FEC3-1F9A-08FD-E6A73F9A440E} = {C7930B96-D511-8E0F-2BC3-213528605673}
		{7488D29A-9B8A-2D7E-C683-B03AEB9CC1B9} = {C7930B96-D511-8E0F-2BC3-213528605673}
	EndGlobalSection
	GlobalSection(ExtensibilityGlobals) = postSolution
		SolutionGuid = {B53B6F8A-DF34-48C0-A167-3B9806B27708}
	EndGlobalSection
EndGlobal
