
Microsoft Visual Studio Solution File, Format Version 12.00
# Visual Studio Version 17
VisualStudioVersion = 17.3.32901.215
MinimumVisualStudioVersion = 10.0.40219.1
Project("{FAE04EC0-301F-11D3-BF4B-00C04F79EFBC}") = "Lab", "Lab\Lab.csproj", "{849035F0-5E05-4B62-AB7A-78841FBE3784}"
EndProject
Global
	GlobalSection(SolutionConfigurationPlatforms) = preSolution
		Debug|Any CPU = Debug|Any CPU
		Release|Any CPU = Release|Any CPU
	EndGlobalSection
	GlobalSection(ProjectConfigurationPlatforms) = postSolution
		{849035F0-5E05-4B62-AB7A-78841FBE3784}.Debug|Any CPU.ActiveCfg = Debug|Any CPU
		{849035F0-5E05-4B62-AB7A-78841FBE3784}.Debug|Any CPU.Build.0 = Debug|Any CPU
		{849035F0-5E05-4B62-AB7A-78841FBE3784}.Release|Any CPU.ActiveCfg = Release|Any CPU
		{849035F0-5E05-4B62-AB7A-78841FBE3784}.Release|Any CPU.Build.0 = Release|Any CPU
	EndGlobalSection
	GlobalSection(SolutionProperties) = preSolution
		HideSolutionNode = FALSE
	EndGlobalSection
	GlobalSection(ExtensibilityGlobals) = postSolution
		SolutionGuid = {B8AB02CF-841A-4664-A057-D7BFEE6889AD}
	EndGlobalSection
EndGlobal
