
Microsoft Visual Studio Solution File, Format Version 12.00
# Visual Studio Version 17
VisualStudioVersion = 17.14.36511.14 d17.14
MinimumVisualStudioVersion = 10.0.40219.1
Project("{FAE04EC0-301F-11D3-BF4B-00C04F79EFBC}") = "HelloMvcApp", "HelloMvcApp\HelloMvcApp.csproj", "{ABEE8674-BE00-4240-9EB5-217EC4774084}"
EndProject
Global
	GlobalSection(SolutionConfigurationPlatforms) = preSolution
		Debug|Any CPU = Debug|Any CPU
		Release|Any CPU = Release|Any CPU
	EndGlobalSection
	GlobalSection(ProjectConfigurationPlatforms) = postSolution
		{ABEE8674-BE00-4240-9EB5-217EC4774084}.Debug|Any CPU.ActiveCfg = Debug|Any CPU
		{ABEE8674-BE00-4240-9EB5-217EC4774084}.Debug|Any CPU.Build.0 = Debug|Any CPU
		{ABEE8674-BE00-4240-9EB5-217EC4774084}.Release|Any CPU.ActiveCfg = Release|Any CPU
		{ABEE8674-BE00-4240-9EB5-217EC4774084}.Release|Any CPU.Build.0 = Release|Any CPU
	EndGlobalSection
	GlobalSection(SolutionProperties) = preSolution
		HideSolutionNode = FALSE
	EndGlobalSection
	GlobalSection(ExtensibilityGlobals) = postSolution
		SolutionGuid = {AA6C58E2-A49F-43DD-AE31-F107CD0D46A4}
	EndGlobalSection
EndGlobal
