
Microsoft Visual Studio Solution File, Format Version 12.00
# Visual Studio Version 16
VisualStudioVersion = 16.0.32901.82
MinimumVisualStudioVersion = 10.0.40219.1
Project("{FAE04EC0-301F-11D3-BF4B-00C04F79EFBC}") = "Lab3.2", "Lab3.2\Lab3.2.csproj", "{CF150D21-8544-4142-A0A9-53A607C3B497}"
EndProject
Global
	GlobalSection(SolutionConfigurationPlatforms) = preSolution
		Debug|Any CPU = Debug|Any CPU
		Release|Any CPU = Release|Any CPU
	EndGlobalSection
	GlobalSection(ProjectConfigurationPlatforms) = postSolution
		{CF150D21-8544-4142-A0A9-53A607C3B497}.Debug|Any CPU.ActiveCfg = Debug|Any CPU
		{CF150D21-8544-4142-A0A9-53A607C3B497}.Debug|Any CPU.Build.0 = Debug|Any CPU
		{CF150D21-8544-4142-A0A9-53A607C3B497}.Release|Any CPU.ActiveCfg = Release|Any CPU
		{CF150D21-8544-4142-A0A9-53A607C3B497}.Release|Any CPU.Build.0 = Release|Any CPU
	EndGlobalSection
	GlobalSection(SolutionProperties) = preSolution
		HideSolutionNode = FALSE
	EndGlobalSection
	GlobalSection(ExtensibilityGlobals) = postSolution
		SolutionGuid = {AC8ED9CF-42B3-44AE-B208-B32E573CB775}
	EndGlobalSection
EndGlobal
