
Microsoft Visual Studio Solution File, Format Version 12.00
# Visual Studio Version 17
VisualStudioVersion = 17.8.34309.116
MinimumVisualStudioVersion = 10.0.40219.1
Project("{FAE04EC0-301F-11D3-BF4B-00C04F79EFBC}") = "ProjectKN1", "ProjectKN1.csproj", "{EE6698F8-E745-4C39-A9B1-404190163E9A}"
EndProject
Global
	GlobalSection(SolutionConfigurationPlatforms) = preSolution
		Debug|Any CPU = Debug|Any CPU
		Release|Any CPU = Release|Any CPU
	EndGlobalSection
	GlobalSection(ProjectConfigurationPlatforms) = postSolution
		{EE6698F8-E745-4C39-A9B1-404190163E9A}.Debug|Any CPU.ActiveCfg = Debug|Any CPU
		{EE6698F8-E745-4C39-A9B1-404190163E9A}.Debug|Any CPU.Build.0 = Debug|Any CPU
		{EE6698F8-E745-4C39-A9B1-404190163E9A}.Release|Any CPU.ActiveCfg = Release|Any CPU
		{EE6698F8-E745-4C39-A9B1-404190163E9A}.Release|Any CPU.Build.0 = Release|Any CPU
	EndGlobalSection
	GlobalSection(SolutionProperties) = preSolution
		HideSolutionNode = FALSE
	EndGlobalSection
	GlobalSection(ExtensibilityGlobals) = postSolution
		SolutionGuid = {923E4BFF-67FE-4C7F-A5B4-5E61CD10E37C}
	EndGlobalSection
EndGlobal
