
Microsoft Visual Studio Solution File, Format Version 12.00
# Visual Studio Version 17
VisualStudioVersion = 17.14.36511.14 d17.14
MinimumVisualStudioVersion = 10.0.40219.1
Project("{FAE04EC0-301F-11D3-BF4B-00C04F79EFBC}") = "Lab13", "Lab13\Lab13.csproj", "{83A5BF5B-3AFD-4873-852C-8E4E6ED79DB9}"
EndProject
Global
	GlobalSection(SolutionConfigurationPlatforms) = preSolution
		Debug|Any CPU = Debug|Any CPU
		Release|Any CPU = Release|Any CPU
	EndGlobalSection
	GlobalSection(ProjectConfigurationPlatforms) = postSolution
		{83A5BF5B-3AFD-4873-852C-8E4E6ED79DB9}.Debug|Any CPU.ActiveCfg = Debug|Any CPU
		{83A5BF5B-3AFD-4873-852C-8E4E6ED79DB9}.Debug|Any CPU.Build.0 = Debug|Any CPU
		{83A5BF5B-3AFD-4873-852C-8E4E6ED79DB9}.Release|Any CPU.ActiveCfg = Release|Any CPU
		{83A5BF5B-3AFD-4873-852C-8E4E6ED79DB9}.Release|Any CPU.Build.0 = Release|Any CPU
	EndGlobalSection
	GlobalSection(SolutionProperties) = preSolution
		HideSolutionNode = FALSE
	EndGlobalSection
	GlobalSection(ExtensibilityGlobals) = postSolution
		SolutionGuid = {A03E6456-7789-4211-B2EC-D74E430CB780}
	EndGlobalSection
EndGlobal
