
Microsoft Visual Studio Solution File, Format Version 12.00
# Visual Studio Version 17
VisualStudioVersion = 17.14.36717.8 d17.14
MinimumVisualStudioVersion = 10.0.40219.1
Project("{FAE04EC0-301F-11D3-BF4B-00C04F79EFBC}") = "Cinema", "Cinema\Cinema.csproj", "{B31B4065-75AF-4F83-BCDD-0196A2478EA8}"
EndProject
Global
	GlobalSection(SolutionConfigurationPlatforms) = preSolution
		Debug|Any CPU = Debug|Any CPU
		Release|Any CPU = Release|Any CPU
	EndGlobalSection
	GlobalSection(ProjectConfigurationPlatforms) = postSolution
		{B31B4065-75AF-4F83-BCDD-0196A2478EA8}.Debug|Any CPU.ActiveCfg = Debug|Any CPU
		{B31B4065-75AF-4F83-BCDD-0196A2478EA8}.Debug|Any CPU.Build.0 = Debug|Any CPU
		{B31B4065-75AF-4F83-BCDD-0196A2478EA8}.Release|Any CPU.ActiveCfg = Release|Any CPU
		{B31B4065-75AF-4F83-BCDD-0196A2478EA8}.Release|Any CPU.Build.0 = Release|Any CPU
	EndGlobalSection
	GlobalSection(SolutionProperties) = preSolution
		HideSolutionNode = FALSE
	EndGlobalSection
	GlobalSection(ExtensibilityGlobals) = postSolution
		SolutionGuid = {2CBDADF6-2A6B-4BFE-B527-9342E55AE9DA}
	EndGlobalSection
EndGlobal
