
Microsoft Visual Studio Solution File, Format Version 12.00
# Visual Studio Version 17
VisualStudioVersion = 17.3.32901.215
MinimumVisualStudioVersion = 10.0.40219.1
Project("{FAE04EC0-301F-11D3-BF4B-00C04F79EFBC}") = "Lab5", "Lab5.csproj", "{CA3145E4-CE71-43A5-BCE0-FE6931D96CE8}"
EndProject
Global
	GlobalSection(SolutionConfigurationPlatforms) = preSolution
		Debug|Any CPU = Debug|Any CPU
		Release|Any CPU = Release|Any CPU
	EndGlobalSection
	GlobalSection(ProjectConfigurationPlatforms) = postSolution
		{CA3145E4-CE71-43A5-BCE0-FE6931D96CE8}.Debug|Any CPU.ActiveCfg = Debug|Any CPU
		{CA3145E4-CE71-43A5-BCE0-FE6931D96CE8}.Debug|Any CPU.Build.0 = Debug|Any CPU
		{CA3145E4-CE71-43A5-BCE0-FE6931D96CE8}.Release|Any CPU.ActiveCfg = Release|Any CPU
		{CA3145E4-CE71-43A5-BCE0-FE6931D96CE8}.Release|Any CPU.Build.0 = Release|Any CPU
	EndGlobalSection
	GlobalSection(SolutionProperties) = preSolution
		HideSolutionNode = FALSE
	EndGlobalSection
	GlobalSection(ExtensibilityGlobals) = postSolution
		SolutionGuid = {AEEB9B38-CD7E-4E29-A03C-E929A3A712D5}
	EndGlobalSection
EndGlobal
