
Microsoft Visual Studio Solution File, Format Version 12.00
# Visual Studio Version 18
VisualStudioVersion = 18.0.11018.127 d18.0
MinimumVisualStudioVersion = 10.0.40219.1
Project("{9A19103F-16F7-4668-BE54-9A1E7A4F7556}") = "lab1", "lab1\lab1.csproj", "{9CC680DA-A9E7-4AAE-AC87-5BF4B5223AF5}"
EndProject
Project("{FAE04EC0-301F-11D3-BF4B-00C04F79EFBC}") = "lab2", "lab2\lab2.csproj", "{33D282E3-883A-4924-B8E6-97ADE8A0F150}"
EndProject
Project("{FAE04EC0-301F-11D3-BF4B-00C04F79EFBC}") = "lab3", "lab3\lab3.csproj", "{87824454-4828-47B0-9DCE-7DEE20AD0096}"
EndProject
Project("{FAE04EC0-301F-11D3-BF4B-00C04F79EFBC}") = "lab4", "lab4\lab4.csproj", "{FE5D6DC0-785F-4E58-B954-C594FA0DEE99}"
EndProject
Project("{FAE04EC0-301F-11D3-BF4B-00C04F79EFBC}") = "lab5", "lab5\lab5.csproj", "{3DED4B58-50BD-4416-B8E0-CB1D1D4A279B}"
EndProject
Project("{FAE04EC0-301F-11D3-BF4B-00C04F79EFBC}") = "lab6", "lab6\lab6.csproj", "{D6884778-C821-4D76-8A43-6328F1FBD373}"
EndProject
Global
	GlobalSection(SolutionConfigurationPlatforms) = preSolution
		Debug|Any CPU = Debug|Any CPU
		Release|Any CPU = Release|Any CPU
	EndGlobalSection
	GlobalSection(ProjectConfigurationPlatforms) = postSolution
		{9CC680DA-A9E7-4AAE-AC87-5BF4B5223AF5}.Debug|Any CPU.ActiveCfg = Debug|Any CPU
		{9CC680DA-A9E7-4AAE-AC87-5BF4B5223AF5}.Debug|Any CPU.Build.0 = Debug|Any CPU
		{9CC680DA-A9E7-4AAE-AC87-5BF4B5223AF5}.Release|Any CPU.ActiveCfg = Release|Any CPU
		{9CC680DA-A9E7-4AAE-AC87-5BF4B5223AF5}.Release|Any CPU.Build.0 = Release|Any CPU
		{33D282E3-883A-4924-B8E6-97ADE8A0F150}.Debug|Any CPU.ActiveCfg = Debug|Any CPU
		{33D282E3-883A-4924-B8E6-97ADE8A0F150}.Debug|Any CPU.Build.0 = Debug|Any CPU
		{33D282E3-883A-4924-B8E6-97ADE8A0F150}.Release|Any CPU.ActiveCfg = Release|Any CPU
		{33D282E3-883A-4924-B8E6-97ADE8A0F150}.Release|Any CPU.Build.0 = Release|Any CPU
		{87824454-4828-47B0-9DCE-7DEE20AD0096}.Debug|Any CPU.ActiveCfg = Debug|Any CPU
		{87824454-4828-47B0-9DCE-7DEE20AD0096}.Debug|Any CPU.Build.0 = Debug|Any CPU
		{87824454-4828-47B0-9DCE-7DEE20AD0096}.Release|Any CPU.ActiveCfg = Release|Any CPU
		{87824454-4828-47B0-9DCE-7DEE20AD0096}.Release|Any CPU.Build.0 = Release|Any CPU
		{FE5D6DC0-785F-4E58-B954-C594FA0DEE99}.Debug|Any CPU.ActiveCfg = Debug|Any CPU
		{FE5D6DC0-785F-4E58-B954-C594FA0DEE99}.Debug|Any CPU.Build.0 = Debug|Any CPU
		{FE5D6DC0-785F-4E58-B954-C594FA0DEE99}.Release|Any CPU.ActiveCfg = Release|Any CPU
		{FE5D6DC0-785F-4E58-B954-C594FA0DEE99}.Release|Any CPU.Build.0 = Release|Any CPU
		{3DED4B58-50BD-4416-B8E0-CB1D1D4A279B}.Debug|Any CPU.ActiveCfg = Debug|Any CPU
		{3DED4B58-50BD-4416-B8E0-CB1D1D4A279B}.Debug|Any CPU.Build.0 = Debug|Any CPU
		{3DED4B58-50BD-4416-B8E0-CB1D1D4A279B}.Release|Any CPU.ActiveCfg = Release|Any CPU
		{3DED4B58-50BD-4416-B8E0-CB1D1D4A279B}.Release|Any CPU.Build.0 = Release|Any CPU
		{D6884778-C821-4D76-8A43-6328F1FBD373}.Debug|Any CPU.ActiveCfg = Debug|Any CPU
		{D6884778-C821-4D76-8A43-6328F1FBD373}.Debug|Any CPU.Build.0 = Debug|Any CPU
		{D6884778-C821-4D76-8A43-6328F1FBD373}.Release|Any CPU.ActiveCfg = Release|Any CPU
		{D6884778-C821-4D76-8A43-6328F1FBD373}.Release|Any CPU.Build.0 = Release|Any CPU
	EndGlobalSection
	GlobalSection(SolutionProperties) = preSolution
		HideSolutionNode = FALSE
	EndGlobalSection
	GlobalSection(ExtensibilityGlobals) = postSolution
		SolutionGuid = {92AD2BC6-79C7-4706-8C5C-726721BD39F2}
	EndGlobalSection
EndGlobal
