
Microsoft Visual Studio Solution File, Format Version 12.00
# Visual Studio Version 17
VisualStudioVersion = 17.14.36511.14 d17.14
MinimumVisualStudioVersion = 10.0.40219.1
Project("{FAE04EC0-301F-11D3-BF4B-00C04F79EFBC}") = "Lab10", "Lab10\Lab10.csproj", "{96E122D9-B383-4F2A-AAE5-2879C818F20F}"
EndProject
Global
	GlobalSection(SolutionConfigurationPlatforms) = preSolution
		Debug|Any CPU = Debug|Any CPU
		Release|Any CPU = Release|Any CPU
	EndGlobalSection
	GlobalSection(ProjectConfigurationPlatforms) = postSolution
		{96E122D9-B383-4F2A-AAE5-2879C818F20F}.Debug|Any CPU.ActiveCfg = Debug|Any CPU
		{96E122D9-B383-4F2A-AAE5-2879C818F20F}.Debug|Any CPU.Build.0 = Debug|Any CPU
		{96E122D9-B383-4F2A-AAE5-2879C818F20F}.Release|Any CPU.ActiveCfg = Release|Any CPU
		{96E122D9-B383-4F2A-AAE5-2879C818F20F}.Release|Any CPU.Build.0 = Release|Any CPU
	EndGlobalSection
	GlobalSection(SolutionProperties) = preSolution
		HideSolutionNode = FALSE
	EndGlobalSection
	GlobalSection(ExtensibilityGlobals) = postSolution
		SolutionGuid = {DFB6F431-5A37-40E7-BF3D-86CE19DB024E}
	EndGlobalSection
EndGlobal
