
Microsoft Visual Studio Solution File, Format Version 12.00
# Visual Studio Version 17
VisualStudioVersion = 17.14.36616.10 d17.14
MinimumVisualStudioVersion = 10.0.40219.1
Project("{FAE04EC0-301F-11D3-BF4B-00C04F79EFBC}") = "Laba5", "Laba5\Laba5.csproj", "{7F755A58-5BF5-4054-AD3B-04255CF16D6B}"
EndProject
Global
	GlobalSection(SolutionConfigurationPlatforms) = preSolution
		Debug|Any CPU = Debug|Any CPU
		Release|Any CPU = Release|Any CPU
	EndGlobalSection
	GlobalSection(ProjectConfigurationPlatforms) = postSolution
		{7F755A58-5BF5-4054-AD3B-04255CF16D6B}.Debug|Any CPU.ActiveCfg = Debug|Any CPU
		{7F755A58-5BF5-4054-AD3B-04255CF16D6B}.Debug|Any CPU.Build.0 = Debug|Any CPU
		{7F755A58-5BF5-4054-AD3B-04255CF16D6B}.Release|Any CPU.ActiveCfg = Release|Any CPU
		{7F755A58-5BF5-4054-AD3B-04255CF16D6B}.Release|Any CPU.Build.0 = Release|Any CPU
	EndGlobalSection
	GlobalSection(SolutionProperties) = preSolution
		HideSolutionNode = FALSE
	EndGlobalSection
	GlobalSection(ExtensibilityGlobals) = postSolution
		SolutionGuid = {FF76BC11-A803-44E5-9A29-6B23A92A8AC2}
	EndGlobalSection
EndGlobal
