Microsoft Visual Studio Solution File, Format Version 12.00
# Visual Studio Version 17
VisualStudioVersion = 17.5.2.0
MinimumVisualStudioVersion = 10.0.40219.1
Project("{FAE04EC0-301F-11D3-BF4B-00C04F79EFBC}") = "EfSqliteDemo", "EfSqliteDemo\EfSqliteDemo.csproj", "{EEA91724-8062-4D84-9764-1364F3A7D078}"
EndProject
Global
	GlobalSection(SolutionConfigurationPlatforms) = preSolution
		Debug|Any CPU = Debug|Any CPU
		Release|Any CPU = Release|Any CPU
	EndGlobalSection
	GlobalSection(ProjectConfigurationPlatforms) = postSolution
		{EEA91724-8062-4D84-9764-1364F3A7D078}.Debug|Any CPU.ActiveCfg = Debug|Any CPU
		{EEA91724-8062-4D84-9764-1364F3A7D078}.Debug|Any CPU.Build.0 = Debug|Any CPU
		{EEA91724-8062-4D84-9764-1364F3A7D078}.Release|Any CPU.ActiveCfg = Release|Any CPU
		{EEA91724-8062-4D84-9764-1364F3A7D078}.Release|Any CPU.Build.0 = Release|Any CPU
	EndGlobalSection
	GlobalSection(SolutionProperties) = preSolution
		HideSolutionNode = FALSE
	EndGlobalSection
	GlobalSection(ExtensibilityGlobals) = postSolution
		SolutionGuid = {5C11E806-BA38-47B5-B3E6-3E11CD4E529B}
	EndGlobalSection
EndGlobal
