
Microsoft Visual Studio Solution File, Format Version 12.00
# Visual Studio Version 17
VisualStudioVersion = 17.14.36511.14 d17.14
MinimumVisualStudioVersion = 10.0.40219.1
Project("{FAE04EC0-301F-11D3-BF4B-00C04F79EFBC}") = "ConsoleApp1", "ConsoleApp1\ConsoleApp1.csproj", "{EF0D554D-B630-4421-9EE9-A003E5B284B4}"
EndProject
Global
	GlobalSection(SolutionConfigurationPlatforms) = preSolution
		Debug|Any CPU = Debug|Any CPU
		Release|Any CPU = Release|Any CPU
	EndGlobalSection
	GlobalSection(ProjectConfigurationPlatforms) = postSolution
		{EF0D554D-B630-4421-9EE9-A003E5B284B4}.Debug|Any CPU.ActiveCfg = Debug|Any CPU
		{EF0D554D-B630-4421-9EE9-A003E5B284B4}.Debug|Any CPU.Build.0 = Debug|Any CPU
		{EF0D554D-B630-4421-9EE9-A003E5B284B4}.Release|Any CPU.ActiveCfg = Release|Any CPU
		{EF0D554D-B630-4421-9EE9-A003E5B284B4}.Release|Any CPU.Build.0 = Release|Any CPU
	EndGlobalSection
	GlobalSection(SolutionProperties) = preSolution
		HideSolutionNode = FALSE
	EndGlobalSection
	GlobalSection(ExtensibilityGlobals) = postSolution
		SolutionGuid = {5A3656C6-AE45-49E0-AFE8-2586E217495E}
	EndGlobalSection
EndGlobal
