
Microsoft Visual Studio Solution File, Format Version 12.00
# Visual Studio Version 17
VisualStudioVersion = 17.14.36511.14 d17.14
MinimumVisualStudioVersion = 10.0.40219.1
Project("{FAE04EC0-301F-11D3-BF4B-00C04F79EFBC}") = "UnitTest", "UnitTest.csproj", "{73DDDA2F-6F3D-4DBC-C23B-C34B94CBB4D3}"
EndProject
Global
	GlobalSection(SolutionConfigurationPlatforms) = preSolution
		Debug|Any CPU = Debug|Any CPU
		Release|Any CPU = Release|Any CPU
	EndGlobalSection
	GlobalSection(ProjectConfigurationPlatforms) = postSolution
		{73DDDA2F-6F3D-4DBC-C23B-C34B94CBB4D3}.Debug|Any CPU.ActiveCfg = Debug|Any CPU
		{73DDDA2F-6F3D-4DBC-C23B-C34B94CBB4D3}.Debug|Any CPU.Build.0 = Debug|Any CPU
		{73DDDA2F-6F3D-4DBC-C23B-C34B94CBB4D3}.Release|Any CPU.ActiveCfg = Release|Any CPU
		{73DDDA2F-6F3D-4DBC-C23B-C34B94CBB4D3}.Release|Any CPU.Build.0 = Release|Any CPU
	EndGlobalSection
	GlobalSection(SolutionProperties) = preSolution
		HideSolutionNode = FALSE
	EndGlobalSection
	GlobalSection(ExtensibilityGlobals) = postSolution
		SolutionGuid = {2B6CAD28-9CD6-4CE0-8BE4-D2D094434BC8}
	EndGlobalSection
EndGlobal
