Microsoft Visual Studio Solution File, Format Version 12.00
# Visual Studio Version 17
VisualStudioVersion = 17.5.2.0
MinimumVisualStudioVersion = 10.0.40219.1
Project("{FAE04EC0-301F-11D3-BF4B-00C04F79EFBC}") = "HelloWpfApp", "HelloWpfApp\HelloWpfApp.csproj", "{A832C218-7ACE-DF73-F323-1994D373EB20}"
EndProject
Global
	GlobalSection(SolutionConfigurationPlatforms) = preSolution
		Debug|Any CPU = Debug|Any CPU
		Release|Any CPU = Release|Any CPU
	EndGlobalSection
	GlobalSection(ProjectConfigurationPlatforms) = postSolution
		{A832C218-7ACE-DF73-F323-1994D373EB20}.Debug|Any CPU.ActiveCfg = Debug|Any CPU
		{A832C218-7ACE-DF73-F323-1994D373EB20}.Debug|Any CPU.Build.0 = Debug|Any CPU
		{A832C218-7ACE-DF73-F323-1994D373EB20}.Release|Any CPU.ActiveCfg = Release|Any CPU
		{A832C218-7ACE-DF73-F323-1994D373EB20}.Release|Any CPU.Build.0 = Release|Any CPU
	EndGlobalSection
	GlobalSection(SolutionProperties) = preSolution
		HideSolutionNode = FALSE
	EndGlobalSection
	GlobalSection(ExtensibilityGlobals) = postSolution
		SolutionGuid = {6F42D8FF-EED0-489E-AC0E-4309B3760BAD}
	EndGlobalSection
EndGlobal
