
Microsoft Visual Studio Solution File, Format Version 12.00
# Visual Studio Version 17
VisualStudioVersion = 17.0.31903.59
MinimumVisualStudioVersion = 10.0.40219.1
Project("{FAE04EC0-301F-11D3-BF4B-00C04F79EFBC}") = "Lab8", "Lab8\Lab8.csproj", "{6898D735-A953-4053-AD98-C96E6B4BF801}"
EndProject
Project("{FAE04EC0-301F-11D3-BF4B-00C04F79EFBC}") = "Lab8.Tests", "Lab8.Tests\Lab8.Tests.csproj", "{C2603B3C-32A3-4E94-8C51-A6DA62C76A17}"
EndProject
Global
	GlobalSection(SolutionConfigurationPlatforms) = preSolution
		Debug|Any CPU = Debug|Any CPU
		Debug|x64 = Debug|x64
		Debug|x86 = Debug|x86
		Release|Any CPU = Release|Any CPU
		Release|x64 = Release|x64
		Release|x86 = Release|x86
	EndGlobalSection
	GlobalSection(ProjectConfigurationPlatforms) = postSolution
		{6898D735-A953-4053-AD98-C96E6B4BF801}.Debug|Any CPU.ActiveCfg = Debug|Any CPU
		{6898D735-A953-4053-AD98-C96E6B4BF801}.Debug|Any CPU.Build.0 = Debug|Any CPU
		{6898D735-A953-4053-AD98-C96E6B4BF801}.Debug|x64.ActiveCfg = Debug|Any CPU
		{6898D735-A953-4053-AD98-C96E6B4BF801}.Debug|x64.Build.0 = Debug|Any CPU
		{6898D735-A953-4053-AD98-C96E6B4BF801}.Debug|x86.ActiveCfg = Debug|Any CPU
		{6898D735-A953-4053-AD98-C96E6B4BF801}.Debug|x86.Build.0 = Debug|Any CPU
		{6898D735-A953-4053-AD98-C96E6B4BF801}.Release|Any CPU.ActiveCfg = Release|Any CPU
		{6898D735-A953-4053-AD98-C96E6B4BF801}.Release|Any CPU.Build.0 = Release|Any CPU
		{6898D735-A953-4053-AD98-C96E6B4BF801}.Release|x64.ActiveCfg = Release|Any CPU
		{6898D735-A953-4053-AD98-C96E6B4BF801}.Release|x64.Build.0 = Release|Any CPU
		{6898D735-A953-4053-AD98-C96E6B4BF801}.Release|x86.ActiveCfg = Release|Any CPU
		{6898D735-A953-4053-AD98-C96E6B4BF801}.Release|x86.Build.0 = Release|Any CPU
		{C2603B3C-32A3-4E94-8C51-A6DA62C76A17}.Debug|Any CPU.ActiveCfg = Debug|Any CPU
		{C2603B3C-32A3-4E94-8C51-A6DA62C76A17}.Debug|Any CPU.Build.0 = Debug|Any CPU
		{C2603B3C-32A3-4E94-8C51-A6DA62C76A17}.Debug|x64.ActiveCfg = Debug|Any CPU
		{C2603B3C-32A3-4E94-8C51-A6DA62C76A17}.Debug|x64.Build.0 = Debug|Any CPU
		{C2603B3C-32A3-4E94-8C51-A6DA62C76A17}.Debug|x86.ActiveCfg = Debug|Any CPU
		{C2603B3C-32A3-4E94-8C51-A6DA62C76A17}.Debug|x86.Build.0 = Debug|Any CPU
		{C2603B3C-32A3-4E94-8C51-A6DA62C76A17}.Release|Any CPU.ActiveCfg = Release|Any CPU
		{C2603B3C-32A3-4E94-8C51-A6DA62C76A17}.Release|Any CPU.Build.0 = Release|Any CPU
		{C2603B3C-32A3-4E94-8C51-A6DA62C76A17}.Release|x64.ActiveCfg = Release|Any CPU
		{C2603B3C-32A3-4E94-8C51-A6DA62C76A17}.Release|x64.Build.0 = Release|Any CPU
		{C2603B3C-32A3-4E94-8C51-A6DA62C76A17}.Release|x86.ActiveCfg = Release|Any CPU
		{C2603B3C-32A3-4E94-8C51-A6DA62C76A17}.Release|x86.Build.0 = Release|Any CPU
	EndGlobalSection
	GlobalSection(SolutionProperties) = preSolution
		HideSolutionNode = FALSE
	EndGlobalSection
EndGlobal
