
Microsoft Visual Studio Solution File, Format Version 12.00
# Visual Studio Version 17
VisualStudioVersion = 17.14.36623.8 d17.14
MinimumVisualStudioVersion = 10.0.40219.1
Project("{FAE04EC0-301F-11D3-BF4B-00C04F79EFBC}") = "lab5", "lab5\lab5.csproj", "{644B72B5-FAA9-4A3B-9C6C-01EEEE8DD979}"
EndProject
Global
	GlobalSection(SolutionConfigurationPlatforms) = preSolution
		Debug|Any CPU = Debug|Any CPU
		Release|Any CPU = Release|Any CPU
	EndGlobalSection
	GlobalSection(ProjectConfigurationPlatforms) = postSolution
		{644B72B5-FAA9-4A3B-9C6C-01EEEE8DD979}.Debug|Any CPU.ActiveCfg = Debug|Any CPU
		{644B72B5-FAA9-4A3B-9C6C-01EEEE8DD979}.Debug|Any CPU.Build.0 = Debug|Any CPU
		{644B72B5-FAA9-4A3B-9C6C-01EEEE8DD979}.Release|Any CPU.ActiveCfg = Release|Any CPU
		{644B72B5-FAA9-4A3B-9C6C-01EEEE8DD979}.Release|Any CPU.Build.0 = Release|Any CPU
	EndGlobalSection
	GlobalSection(SolutionProperties) = preSolution
		HideSolutionNode = FALSE
	EndGlobalSection
	GlobalSection(ExtensibilityGlobals) = postSolution
		SolutionGuid = {6F53976A-63EB-4B7A-B02B-54EE5E8186C6}
	EndGlobalSection
EndGlobal
