
Microsoft Visual Studio Solution File, Format Version 12.00
# Visual Studio Version 16
VisualStudioVersion = 16.0.32901.82
MinimumVisualStudioVersion = 10.0.40219.1
Project("{FAE04EC0-301F-11D3-BF4B-00C04F79EFBC}") = "Lab4.3", "Lab4.3\Lab4.3.csproj", "{60CBF9FD-9753-44C3-976E-544CBD1D3893}"
EndProject
Global
	GlobalSection(SolutionConfigurationPlatforms) = preSolution
		Debug|Any CPU = Debug|Any CPU
		Release|Any CPU = Release|Any CPU
	EndGlobalSection
	GlobalSection(ProjectConfigurationPlatforms) = postSolution
		{60CBF9FD-9753-44C3-976E-544CBD1D3893}.Debug|Any CPU.ActiveCfg = Debug|Any CPU
		{60CBF9FD-9753-44C3-976E-544CBD1D3893}.Debug|Any CPU.Build.0 = Debug|Any CPU
		{60CBF9FD-9753-44C3-976E-544CBD1D3893}.Release|Any CPU.ActiveCfg = Release|Any CPU
		{60CBF9FD-9753-44C3-976E-544CBD1D3893}.Release|Any CPU.Build.0 = Release|Any CPU
	EndGlobalSection
	GlobalSection(SolutionProperties) = preSolution
		HideSolutionNode = FALSE
	EndGlobalSection
	GlobalSection(ExtensibilityGlobals) = postSolution
		SolutionGuid = {6779ECFD-587C-4EF9-AD13-6B4431D915EC}
	EndGlobalSection
EndGlobal
