
Microsoft Visual Studio Solution File, Format Version 12.00
# Visual Studio Version 17
VisualStudioVersion = 17.14.36616.10 d17.14
MinimumVisualStudioVersion = 10.0.40219.1
Project("{FAE04EC0-301F-11D3-BF4B-00C04F79EFBC}") = "Laba2", "Laba2\Laba2.csproj", "{1C06EFFE-2E2F-4C86-B570-15D11C248CF7}"
EndProject
Global
	GlobalSection(SolutionConfigurationPlatforms) = preSolution
		Debug|Any CPU = Debug|Any CPU
		Release|Any CPU = Release|Any CPU
	EndGlobalSection
	GlobalSection(ProjectConfigurationPlatforms) = postSolution
		{1C06EFFE-2E2F-4C86-B570-15D11C248CF7}.Debug|Any CPU.ActiveCfg = Debug|Any CPU
		{1C06EFFE-2E2F-4C86-B570-15D11C248CF7}.Debug|Any CPU.Build.0 = Debug|Any CPU
		{1C06EFFE-2E2F-4C86-B570-15D11C248CF7}.Release|Any CPU.ActiveCfg = Release|Any CPU
		{1C06EFFE-2E2F-4C86-B570-15D11C248CF7}.Release|Any CPU.Build.0 = Release|Any CPU
	EndGlobalSection
	GlobalSection(SolutionProperties) = preSolution
		HideSolutionNode = FALSE
	EndGlobalSection
	GlobalSection(ExtensibilityGlobals) = postSolution
		SolutionGuid = {02E0AC49-D0FA-4512-A2EF-0B996EC1A45D}
	EndGlobalSection
EndGlobal
