
Microsoft Visual Studio Solution File, Format Version 12.00
# Visual Studio Version 16
VisualStudioVersion = 16.0.32901.82
MinimumVisualStudioVersion = 10.0.40219.1
Project("{FAE04EC0-301F-11D3-BF4B-00C04F79EFBC}") = "Lab1.2", "Lab1.2\Lab1.2.csproj", "{A83FF85C-1A21-4AA9-ADFA-DD5C3AD3C01F}"
EndProject
Global
	GlobalSection(SolutionConfigurationPlatforms) = preSolution
		Debug|Any CPU = Debug|Any CPU
		Release|Any CPU = Release|Any CPU
	EndGlobalSection
	GlobalSection(ProjectConfigurationPlatforms) = postSolution
		{A83FF85C-1A21-4AA9-ADFA-DD5C3AD3C01F}.Debug|Any CPU.ActiveCfg = Debug|Any CPU
		{A83FF85C-1A21-4AA9-ADFA-DD5C3AD3C01F}.Debug|Any CPU.Build.0 = Debug|Any CPU
		{A83FF85C-1A21-4AA9-ADFA-DD5C3AD3C01F}.Release|Any CPU.ActiveCfg = Release|Any CPU
		{A83FF85C-1A21-4AA9-ADFA-DD5C3AD3C01F}.Release|Any CPU.Build.0 = Release|Any CPU
	EndGlobalSection
	GlobalSection(SolutionProperties) = preSolution
		HideSolutionNode = FALSE
	EndGlobalSection
	GlobalSection(ExtensibilityGlobals) = postSolution
		SolutionGuid = {09FEDA67-BA04-4F16-B383-9A3AF31B9A72}
	EndGlobalSection
EndGlobal
