
Microsoft Visual Studio Solution File, Format Version 12.00
# Visual Studio Version 17
VisualStudioVersion = 17.3.32901.215
MinimumVisualStudioVersion = 10.0.40219.1
Project("{FAE04EC0-301F-11D3-BF4B-00C04F79EFBC}") = "Lab4.1", "Lab4.1.csproj", "{C491DD41-CEFD-47C6-A0B1-0A2A36A9D2C4}"
EndProject
Global
	GlobalSection(SolutionConfigurationPlatforms) = preSolution
		Debug|Any CPU = Debug|Any CPU
		Release|Any CPU = Release|Any CPU
	EndGlobalSection
	GlobalSection(ProjectConfigurationPlatforms) = postSolution
		{C491DD41-CEFD-47C6-A0B1-0A2A36A9D2C4}.Debug|Any CPU.ActiveCfg = Debug|Any CPU
		{C491DD41-CEFD-47C6-A0B1-0A2A36A9D2C4}.Debug|Any CPU.Build.0 = Debug|Any CPU
		{C491DD41-CEFD-47C6-A0B1-0A2A36A9D2C4}.Release|Any CPU.ActiveCfg = Release|Any CPU
		{C491DD41-CEFD-47C6-A0B1-0A2A36A9D2C4}.Release|Any CPU.Build.0 = Release|Any CPU
	EndGlobalSection
	GlobalSection(SolutionProperties) = preSolution
		HideSolutionNode = FALSE
	EndGlobalSection
	GlobalSection(ExtensibilityGlobals) = postSolution
		SolutionGuid = {8FD12141-F719-450F-9FD0-101AA6761520}
	EndGlobalSection
EndGlobal
