
Microsoft Visual Studio Solution File, Format Version 12.00
# Visual Studio Version 16
VisualStudioVersion = 16.0.32901.82
MinimumVisualStudioVersion = 10.0.40219.1
Project("{FAE04EC0-301F-11D3-BF4B-00C04F79EFBC}") = "Lab2.3", "Lab2.3\Lab2.3.csproj", "{A6089EDA-E969-41A0-A6C0-0EFEB83E9FF9}"
EndProject
Global
	GlobalSection(SolutionConfigurationPlatforms) = preSolution
		Debug|Any CPU = Debug|Any CPU
		Release|Any CPU = Release|Any CPU
	EndGlobalSection
	GlobalSection(ProjectConfigurationPlatforms) = postSolution
		{A6089EDA-E969-41A0-A6C0-0EFEB83E9FF9}.Debug|Any CPU.ActiveCfg = Debug|Any CPU
		{A6089EDA-E969-41A0-A6C0-0EFEB83E9FF9}.Debug|Any CPU.Build.0 = Debug|Any CPU
		{A6089EDA-E969-41A0-A6C0-0EFEB83E9FF9}.Release|Any CPU.ActiveCfg = Release|Any CPU
		{A6089EDA-E969-41A0-A6C0-0EFEB83E9FF9}.Release|Any CPU.Build.0 = Release|Any CPU
	EndGlobalSection
	GlobalSection(SolutionProperties) = preSolution
		HideSolutionNode = FALSE
	EndGlobalSection
	GlobalSection(ExtensibilityGlobals) = postSolution
		SolutionGuid = {996DC32A-6447-4436-BBF3-7CF593314B55}
	EndGlobalSection
EndGlobal
