
Microsoft Visual Studio Solution File, Format Version 12.00
# Visual Studio Version 17
VisualStudioVersion = 17.14.36511.14 d17.14
MinimumVisualStudioVersion = 10.0.40219.1
Project("{FAE04EC0-301F-11D3-BF4B-00C04F79EFBC}") = "Lab6", "Lab6\Lab6.csproj", "{D81DE9FD-8201-464C-B493-844C2D8234C2}"
EndProject
Global
	GlobalSection(SolutionConfigurationPlatforms) = preSolution
		Debug|Any CPU = Debug|Any CPU
		Release|Any CPU = Release|Any CPU
	EndGlobalSection
	GlobalSection(ProjectConfigurationPlatforms) = postSolution
		{D81DE9FD-8201-464C-B493-844C2D8234C2}.Debug|Any CPU.ActiveCfg = Debug|Any CPU
		{D81DE9FD-8201-464C-B493-844C2D8234C2}.Debug|Any CPU.Build.0 = Debug|Any CPU
		{D81DE9FD-8201-464C-B493-844C2D8234C2}.Release|Any CPU.ActiveCfg = Release|Any CPU
		{D81DE9FD-8201-464C-B493-844C2D8234C2}.Release|Any CPU.Build.0 = Release|Any CPU
	EndGlobalSection
	GlobalSection(SolutionProperties) = preSolution
		HideSolutionNode = FALSE
	EndGlobalSection
	GlobalSection(ExtensibilityGlobals) = postSolution
		SolutionGuid = {8C30F7B7-0FC7-459B-A3E2-54D67FFBF65E}
	EndGlobalSection
EndGlobal
