
Microsoft Visual Studio Solution File, Format Version 12.00
# Visual Studio Version 17
VisualStudioVersion = 17.3.32901.215
MinimumVisualStudioVersion = 10.0.40219.1
Project("{FAE04EC0-301F-11D3-BF4B-00C04F79EFBC}") = "Lab4.3", "Lab4.3.csproj", "{0F5901AD-1D23-460A-B2C7-5E010A708D22}"
EndProject
Global
	GlobalSection(SolutionConfigurationPlatforms) = preSolution
		Debug|Any CPU = Debug|Any CPU
		Release|Any CPU = Release|Any CPU
	EndGlobalSection
	GlobalSection(ProjectConfigurationPlatforms) = postSolution
		{0F5901AD-1D23-460A-B2C7-5E010A708D22}.Debug|Any CPU.ActiveCfg = Debug|Any CPU
		{0F5901AD-1D23-460A-B2C7-5E010A708D22}.Debug|Any CPU.Build.0 = Debug|Any CPU
		{0F5901AD-1D23-460A-B2C7-5E010A708D22}.Release|Any CPU.ActiveCfg = Release|Any CPU
		{0F5901AD-1D23-460A-B2C7-5E010A708D22}.Release|Any CPU.Build.0 = Release|Any CPU
	EndGlobalSection
	GlobalSection(SolutionProperties) = preSolution
		HideSolutionNode = FALSE
	EndGlobalSection
	GlobalSection(ExtensibilityGlobals) = postSolution
		SolutionGuid = {492FFC80-B2A0-455D-B87D-8E92122EBBA4}
	EndGlobalSection
EndGlobal
