
Microsoft Visual Studio Solution File, Format Version 12.00
# Visual Studio Version 16
VisualStudioVersion = 16.0.32901.82
MinimumVisualStudioVersion = 10.0.40219.1
Project("{FAE04EC0-301F-11D3-BF4B-00C04F79EFBC}") = "Lab4.1", "Lab4.1\Lab4.1.csproj", "{D422CFA3-F9AC-4324-9B01-48621AF09A66}"
EndProject
Global
	GlobalSection(SolutionConfigurationPlatforms) = preSolution
		Debug|Any CPU = Debug|Any CPU
		Release|Any CPU = Release|Any CPU
	EndGlobalSection
	GlobalSection(ProjectConfigurationPlatforms) = postSolution
		{D422CFA3-F9AC-4324-9B01-48621AF09A66}.Debug|Any CPU.ActiveCfg = Debug|Any CPU
		{D422CFA3-F9AC-4324-9B01-48621AF09A66}.Debug|Any CPU.Build.0 = Debug|Any CPU
		{D422CFA3-F9AC-4324-9B01-48621AF09A66}.Release|Any CPU.ActiveCfg = Release|Any CPU
		{D422CFA3-F9AC-4324-9B01-48621AF09A66}.Release|Any CPU.Build.0 = Release|Any CPU
	EndGlobalSection
	GlobalSection(SolutionProperties) = preSolution
		HideSolutionNode = FALSE
	EndGlobalSection
	GlobalSection(ExtensibilityGlobals) = postSolution
		SolutionGuid = {68019C98-7ACC-4CB8-9709-35DDBB768B5C}
	EndGlobalSection
EndGlobal
